// !$*UTF8*$!
{
	archiveVersion = 1;
	classes = {
	};
	objectVersion = 56;
	objects = {

/* Begin PBXBuildFile section */
		365552602C681C1F009BC2FF /* HackerNews_SUIApp.swift in Sources */ = {isa = PBXBuildFile; fileRef = 3655525F2C681C1F009BC2FF /* HackerNews_SUIApp.swift */; };
		365552622C681C1F009BC2FF /* ContentView.swift in Sources */ = {isa = PBXBuildFile; fileRef = 365552612C681C1F009BC2FF /* ContentView.swift */; };
		365552642C681C20009BC2FF /* Assets.xcassets in Resources */ = {isa = PBXBuildFile; fileRef = 365552632C681C20009BC2FF /* Assets.xcassets */; };
		365552672C681C20009BC2FF /* Preview Assets.xcassets in Resources */ = {isa = PBXBuildFile; fileRef = 365552662C681C20009BC2FF /* Preview Assets.xcassets */; };
		365552712C681C21009BC2FF /* HackerNews_SUITests.swift in Sources */ = {isa = PBXBuildFile; fileRef = 365552702C681C21009BC2FF /* HackerNews_SUITests.swift */; };
		3655527B2C681C21009BC2FF /* HackerNews_SUIUITests.swift in Sources */ = {isa = PBXBuildFile; fileRef = 3655527A2C681C21009BC2FF /* HackerNews_SUIUITests.swift */; };
		3655527D2C681C21009BC2FF /* HackerNews_SUIUITestsLaunchTests.swift in Sources */ = {isa = PBXBuildFile; fileRef = 3655527C2C681C21009BC2FF /* HackerNews_SUIUITestsLaunchTests.swift */; };
		3655528B2C681D0F009BC2FF /* StoryItemModel.swift in Sources */ = {isa = PBXBuildFile; fileRef = 3655528A2C681D0F009BC2FF /* StoryItemModel.swift */; };
		3655528D2C681D24009BC2FF /* StoryItemView.swift in Sources */ = {isa = PBXBuildFile; fileRef = 3655528C2C681D24009BC2FF /* StoryItemView.swift */; };
		365552902C682357009BC2FF /* SUIText.swift in Sources */ = {isa = PBXBuildFile; fileRef = 3655528F2C682357009BC2FF /* SUIText.swift */; };
		365552922C68239C009BC2FF /* SUITextScheme.swift in Sources */ = {isa = PBXBuildFile; fileRef = 365552912C68239C009BC2FF /* SUITextScheme.swift */; };
		365552982C68263C009BC2FF /* NewsListView.swift in Sources */ = {isa = PBXBuildFile; fileRef = 365552972C68263C009BC2FF /* NewsListView.swift */; };
		3655529C2C6828A4009BC2FF /* WebView.swift in Sources */ = {isa = PBXBuildFile; fileRef = 3655529B2C6828A4009BC2FF /* WebView.swift */; };
		365552A02C6831C0009BC2FF /* Constants.swift in Sources */ = {isa = PBXBuildFile; fileRef = 3655529F2C6831C0009BC2FF /* Constants.swift */; };
/* End PBXBuildFile section */

/* Begin PBXContainerItemProxy section */
		3655526D2C681C21009BC2FF /* PBXContainerItemProxy */ = {
			isa = PBXContainerItemProxy;
			containerPortal = 365552542C681C1F009BC2FF /* Project object */;
			proxyType = 1;
			remoteGlobalIDString = 3655525B2C681C1F009BC2FF;
			remoteInfo = "HackerNews-SUI";
		};
		365552772C681C21009BC2FF /* PBXContainerItemProxy */ = {
			isa = PBXContainerItemProxy;
			containerPortal = 365552542C681C1F009BC2FF /* Project object */;
			proxyType = 1;
			remoteGlobalIDString = 3655525B2C681C1F009BC2FF;
			remoteInfo = "HackerNews-SUI";
		};
/* End PBXContainerItemProxy section */

/* Begin PBXFileReference section */
		3655525C2C681C1F009BC2FF /* HackerNews-SUI.app */ = {isa = PBXFileReference; explicitFileType = wrapper.application; includeInIndex = 0; path = "HackerNews-SUI.app"; sourceTree = BUILT_PRODUCTS_DIR; };
		3655525F2C681C1F009BC2FF /* HackerNews_SUIApp.swift */ = {isa = PBXFileReference; lastKnownFileType = sourcecode.swift; path = HackerNews_SUIApp.swift; sourceTree = "<group>"; };
		365552612C681C1F009BC2FF /* ContentView.swift */ = {isa = PBXFileReference; lastKnownFileType = sourcecode.swift; path = ContentView.swift; sourceTree = "<group>"; };
		365552632C681C20009BC2FF /* Assets.xcassets */ = {isa = PBXFileReference; lastKnownFileType = folder.assetcatalog; path = Assets.xcassets; sourceTree = "<group>"; };
		365552662C681C20009BC2FF /* Preview Assets.xcassets */ = {isa = PBXFileReference; lastKnownFileType = folder.assetcatalog; path = "Preview Assets.xcassets"; sourceTree = "<group>"; };
		3655526C2C681C21009BC2FF /* HackerNews-SUITests.xctest */ = {isa = PBXFileReference; explicitFileType = wrapper.cfbundle; includeInIndex = 0; path = "HackerNews-SUITests.xctest"; sourceTree = BUILT_PRODUCTS_DIR; };
		365552702C681C21009BC2FF /* HackerNews_SUITests.swift */ = {isa = PBXFileReference; lastKnownFileType = sourcecode.swift; path = HackerNews_SUITests.swift; sourceTree = "<group>"; };
		365552762C681C21009BC2FF /* HackerNews-SUIUITests.xctest */ = {isa = PBXFileReference; explicitFileType = wrapper.cfbundle; includeInIndex = 0; path = "HackerNews-SUIUITests.xctest"; sourceTree = BUILT_PRODUCTS_DIR; };
		3655527A2C681C21009BC2FF /* HackerNews_SUIUITests.swift */ = {isa = PBXFileReference; lastKnownFileType = sourcecode.swift; path = HackerNews_SUIUITests.swift; sourceTree = "<group>"; };
		3655527C2C681C21009BC2FF /* HackerNews_SUIUITestsLaunchTests.swift */ = {isa = PBXFileReference; lastKnownFileType = sourcecode.swift; path = HackerNews_SUIUITestsLaunchTests.swift; sourceTree = "<group>"; };
		3655528A2C681D0F009BC2FF /* StoryItemModel.swift */ = {isa = PBXFileReference; lastKnownFileType = sourcecode.swift; path = StoryItemModel.swift; sourceTree = "<group>"; };
		3655528C2C681D24009BC2FF /* StoryItemView.swift */ = {isa = PBXFileReference; lastKnownFileType = sourcecode.swift; path = StoryItemView.swift; sourceTree = "<group>"; };
		3655528F2C682357009BC2FF /* SUIText.swift */ = {isa = PBXFileReference; lastKnownFileType = sourcecode.swift; path = SUIText.swift; sourceTree = "<group>"; };
		365552912C68239C009BC2FF /* SUITextScheme.swift */ = {isa = PBXFileReference; lastKnownFileType = sourcecode.swift; path = SUITextScheme.swift; sourceTree = "<group>"; };
		365552972C68263C009BC2FF /* NewsListView.swift */ = {isa = PBXFileReference; lastKnownFileType = sourcecode.swift; path = NewsListView.swift; sourceTree = "<group>"; };
		3655529B2C6828A4009BC2FF /* WebView.swift */ = {isa = PBXFileReference; lastKnownFileType = sourcecode.swift; path = WebView.swift; sourceTree = "<group>"; };
		3655529F2C6831C0009BC2FF /* Constants.swift */ = {isa = PBXFileReference; lastKnownFileType = sourcecode.swift; path = Constants.swift; sourceTree = "<group>"; };
/* End PBXFileReference section */

/* Begin PBXFrameworksBuildPhase section */
		365552592C681C1F009BC2FF /* Frameworks */ = {
			isa = PBXFrameworksBuildPhase;
			buildActionMask = 2147483647;
			files = (
			);
			runOnlyForDeploymentPostprocessing = 0;
		};
		365552692C681C21009BC2FF /* Frameworks */ = {
			isa = PBXFrameworksBuildPhase;
			buildActionMask = 2147483647;
			files = (
			);
			runOnlyForDeploymentPostprocessing = 0;
		};
		365552732C681C21009BC2FF /* Frameworks */ = {
			isa = PBXFrameworksBuildPhase;
			buildActionMask = 2147483647;
			files = (
			);
			runOnlyForDeploymentPostprocessing = 0;
		};
/* End PBXFrameworksBuildPhase section */

/* Begin PBXGroup section */
		365552532C681C1F009BC2FF = {
			isa = PBXGroup;
			children = (
				3655525E2C681C1F009BC2FF /* HackerNews-SUI */,
				3655526F2C681C21009BC2FF /* HackerNews-SUITests */,
				365552792C681C21009BC2FF /* HackerNews-SUIUITests */,
				3655525D2C681C1F009BC2FF /* Products */,
			);
			sourceTree = "<group>";
		};
		3655525D2C681C1F009BC2FF /* Products */ = {
			isa = PBXGroup;
			children = (
				3655525C2C681C1F009BC2FF /* HackerNews-SUI.app */,
				3655526C2C681C21009BC2FF /* HackerNews-SUITests.xctest */,
				365552762C681C21009BC2FF /* HackerNews-SUIUITests.xctest */,
			);
			name = Products;
			sourceTree = "<group>";
		};
		3655525E2C681C1F009BC2FF /* HackerNews-SUI */ = {
			isa = PBXGroup;
			children = (
				3655529D2C6831AC009BC2FF /* Core */,
				365552892C681CDE009BC2FF /* Presentation */,
				3655525F2C681C1F009BC2FF /* HackerNews_SUIApp.swift */,
				365552612C681C1F009BC2FF /* ContentView.swift */,
				365552632C681C20009BC2FF /* Assets.xcassets */,
				365552652C681C20009BC2FF /* Preview Content */,
			);
			path = "HackerNews-SUI";
			sourceTree = "<group>";
		};
		365552652C681C20009BC2FF /* Preview Content */ = {
			isa = PBXGroup;
			children = (
				365552662C681C20009BC2FF /* Preview Assets.xcassets */,
			);
			path = "Preview Content";
			sourceTree = "<group>";
		};
		3655526F2C681C21009BC2FF /* HackerNews-SUITests */ = {
			isa = PBXGroup;
			children = (
				365552702C681C21009BC2FF /* HackerNews_SUITests.swift */,
			);
			path = "HackerNews-SUITests";
			sourceTree = "<group>";
		};
		365552792C681C21009BC2FF /* HackerNews-SUIUITests */ = {
			isa = PBXGroup;
			children = (
				3655527A2C681C21009BC2FF /* HackerNews_SUIUITests.swift */,
				3655527C2C681C21009BC2FF /* HackerNews_SUIUITestsLaunchTests.swift */,
			);
			path = "HackerNews-SUIUITests";
			sourceTree = "<group>";
		};
		365552892C681CDE009BC2FF /* Presentation */ = {
			isa = PBXGroup;
			children = (
				365552A32C683485009BC2FF /* Models */,
				3655528E2C682342009BC2FF /* Views */,
				3655528C2C681D24009BC2FF /* StoryItemView.swift */,
				365552972C68263C009BC2FF /* NewsListView.swift */,
				3655529B2C6828A4009BC2FF /* WebView.swift */,
			);
			path = Presentation;
			sourceTree = "<group>";
		};
		3655528E2C682342009BC2FF /* Views */ = {
			isa = PBXGroup;
			children = (
				3655528F2C682357009BC2FF /* SUIText.swift */,
				365552912C68239C009BC2FF /* SUITextScheme.swift */,
			);
			path = Views;
			sourceTree = "<group>";
		};
		3655529D2C6831AC009BC2FF /* Core */ = {
			isa = PBXGroup;
			children = (
				3655529E2C6831B4009BC2FF /* Utils */,
			);
			path = Core;
			sourceTree = "<group>";
		};
		3655529E2C6831B4009BC2FF /* Utils */ = {
			isa = PBXGroup;
			children = (
				3655529F2C6831C0009BC2FF /* Constants.swift */,
			);
			path = Utils;
			sourceTree = "<group>";
		};
		365552A32C683485009BC2FF /* Models */ = {
			isa = PBXGroup;
			children = (
				3655528A2C681D0F009BC2FF /* StoryItemModel.swift */,
			);
			path = Models;
			sourceTree = "<group>";
		};
/* End PBXGroup section */

/* Begin PBXNativeTarget section */
		3655525B2C681C1F009BC2FF /* HackerNews-SUI */ = {
			isa = PBXNativeTarget;
			buildConfigurationList = 365552802C681C21009BC2FF /* Build configuration list for PBXNativeTarget "HackerNews-SUI" */;
			buildPhases = (
				365552582C681C1F009BC2FF /* Sources */,
				365552592C681C1F009BC2FF /* Frameworks */,
				3655525A2C681C1F009BC2FF /* Resources */,
			);
			buildRules = (
			);
			dependencies = (
			);
			name = "HackerNews-SUI";
			productName = "HackerNews-SUI";
			productReference = 3655525C2C681C1F009BC2FF /* HackerNews-SUI.app */;
			productType = "com.apple.product-type.application";
		};
		3655526B2C681C21009BC2FF /* HackerNews-SUITests */ = {
			isa = PBXNativeTarget;
			buildConfigurationList = 365552832C681C21009BC2FF /* Build configuration list for PBXNativeTarget "HackerNews-SUITests" */;
			buildPhases = (
				365552682C681C21009BC2FF /* Sources */,
				365552692C681C21009BC2FF /* Frameworks */,
				3655526A2C681C21009BC2FF /* Resources */,
			);
			buildRules = (
			);
			dependencies = (
				3655526E2C681C21009BC2FF /* PBXTargetDependency */,
			);
			name = "HackerNews-SUITests";
			productName = "HackerNews-SUITests";
			productReference = 3655526C2C681C21009BC2FF /* HackerNews-SUITests.xctest */;
			productType = "com.apple.product-type.bundle.unit-test";
		};
		365552752C681C21009BC2FF /* HackerNews-SUIUITests */ = {
			isa = PBXNativeTarget;
			buildConfigurationList = 365552862C681C21009BC2FF /* Build configuration list for PBXNativeTarget "HackerNews-SUIUITests" */;
			buildPhases = (
				365552722C681C21009BC2FF /* Sources */,
				365552732C681C21009BC2FF /* Frameworks */,
				365552742C681C21009BC2FF /* Resources */,
			);
			buildRules = (
			);
			dependencies = (
				365552782C681C21009BC2FF /* PBXTargetDependency */,
			);
			name = "HackerNews-SUIUITests";
			productName = "HackerNews-SUIUITests";
			productReference = 365552762C681C21009BC2FF /* HackerNews-SUIUITests.xctest */;
			productType = "com.apple.product-type.bundle.ui-testing";
		};
/* End PBXNativeTarget section */

/* Begin PBXProject section */
		365552542C681C1F009BC2FF /* Project object */ = {
			isa = PBXProject;
			attributes = {
				BuildIndependentTargetsInParallel = 1;
				LastSwiftUpdateCheck = 1540;
				LastUpgradeCheck = 1540;
				TargetAttributes = {
					3655525B2C681C1F009BC2FF = {
						CreatedOnToolsVersion = 15.4;
					};
					3655526B2C681C21009BC2FF = {
						CreatedOnToolsVersion = 15.4;
						TestTargetID = 3655525B2C681C1F009BC2FF;
					};
					365552752C681C21009BC2FF = {
						CreatedOnToolsVersion = 15.4;
						TestTargetID = 3655525B2C681C1F009BC2FF;
					};
				};
			};
			buildConfigurationList = 365552572C681C1F009BC2FF /* Build configuration list for PBXProject "HackerNews-SUI" */;
			compatibilityVersion = "Xcode 14.0";
			developmentRegion = en;
			hasScannedForEncodings = 0;
			knownRegions = (
				en,
				Base,
			);
			mainGroup = 365552532C681C1F009BC2FF;
			productRefGroup = 3655525D2C681C1F009BC2FF /* Products */;
			projectDirPath = "";
			projectRoot = "";
			targets = (
				3655525B2C681C1F009BC2FF /* HackerNews-SUI */,
				3655526B2C681C21009BC2FF /* HackerNews-SUITests */,
				365552752C681C21009BC2FF /* HackerNews-SUIUITests */,
			);
		};
/* End PBXProject section */

/* Begin PBXResourcesBuildPhase section */
		3655525A2C681C1F009BC2FF /* Resources */ = {
			isa = PBXResourcesBuildPhase;
			buildActionMask = 2147483647;
			files = (
				365552672C681C20009BC2FF /* Preview Assets.xcassets in Resources */,
				365552642C681C20009BC2FF /* Assets.xcassets in Resources */,
			);
			runOnlyForDeploymentPostprocessing = 0;
		};
		3655526A2C681C21009BC2FF /* Resources */ = {
			isa = PBXResourcesBuildPhase;
			buildActionMask = 2147483647;
			files = (
			);
			runOnlyForDeploymentPostprocessing = 0;
		};
		365552742C681C21009BC2FF /* Resources */ = {
			isa = PBXResourcesBuildPhase;
			buildActionMask = 2147483647;
			files = (
			);
			runOnlyForDeploymentPostprocessing = 0;
		};
/* End PBXResourcesBuildPhase section */

/* Begin PBXSourcesBuildPhase section */
		365552582C681C1F009BC2FF /* Sources */ = {
			isa = PBXSourcesBuildPhase;
			buildActionMask = 2147483647;
			files = (
				3655528B2C681D0F009BC2FF /* StoryItemModel.swift in Sources */,
				3655528D2C681D24009BC2FF /* StoryItemView.swift in Sources */,
				365552622C681C1F009BC2FF /* ContentView.swift in Sources */,
				365552982C68263C009BC2FF /* NewsListView.swift in Sources */,
				365552902C682357009BC2FF /* SUIText.swift in Sources */,
				3655529C2C6828A4009BC2FF /* WebView.swift in Sources */,
				365552602C681C1F009BC2FF /* HackerNews_SUIApp.swift in Sources */,
				365552922C68239C009BC2FF /* SUITextScheme.swift in Sources */,
				365552A02C6831C0009BC2FF /* Constants.swift in Sources */,
			);
			runOnlyForDeploymentPostprocessing = 0;
		};
		365552682C681C21009BC2FF /* Sources */ = {
			isa = PBXSourcesBuildPhase;
			buildActionMask = 2147483647;
			files = (
				365552712C681C21009BC2FF /* HackerNews_SUITests.swift in Sources */,
			);
			runOnlyForDeploymentPostprocessing = 0;
		};
		365552722C681C21009BC2FF /* Sources */ = {
			isa = PBXSourcesBuildPhase;
			buildActionMask = 2147483647;
			files = (
				3655527B2C681C21009BC2FF /* HackerNews_SUIUITests.swift in Sources */,
				3655527D2C681C21009BC2FF /* HackerNews_SUIUITestsLaunchTests.swift in Sources */,
			);
			runOnlyForDeploymentPostprocessing = 0;
		};
/* End PBXSourcesBuildPhase section */

/* Begin PBXTargetDependency section */
		3655526E2C681C21009BC2FF /* PBXTargetDependency */ = {
			isa = PBXTargetDependency;
			target = 3655525B2C681C1F009BC2FF /* HackerNews-SUI */;
			targetProxy = 3655526D2C681C21009BC2FF /* PBXContainerItemProxy */;
		};
		365552782C681C21009BC2FF /* PBXTargetDependency */ = {
			isa = PBXTargetDependency;
			target = 3655525B2C681C1F009BC2FF /* HackerNews-SUI */;
			targetProxy = 365552772C681C21009BC2FF /* PBXContainerItemProxy */;
		};
/* End PBXTargetDependency section */

/* Begin XCBuildConfiguration section */
		3655527E2C681C21009BC2FF /* Debug */ = {
			isa = XCBuildConfiguration;
			buildSettings = {
				ALWAYS_SEARCH_USER_PATHS = NO;
				ASSETCATALOG_COMPILER_GENERATE_SWIFT_ASSET_SYMBOL_EXTENSIONS = YES;
				CLANG_ANALYZER_NONNULL = YES;
				CLANG_ANALYZER_NUMBER_OBJECT_CONVERSION = YES_AGGRESSIVE;
				CLANG_CXX_LANGUAGE_STANDARD = "gnu++20";
				CLANG_ENABLE_MODULES = YES;
				CLANG_ENABLE_OBJC_ARC = YES;
				CLANG_ENABLE_OBJC_WEAK = YES;
				CLANG_WARN_BLOCK_CAPTURE_AUTORELEASING = YES;
				CLANG_WARN_BOOL_CONVERSION = YES;
				CLANG_WARN_COMMA = YES;
				CLANG_WARN_CONSTANT_CONVERSION = YES;
				CLANG_WARN_DEPRECATED_OBJC_IMPLEMENTATIONS = YES;
				CLANG_WARN_DIRECT_OBJC_ISA_USAGE = YES_ERROR;
				CLANG_WARN_DOCUMENTATION_COMMENTS = YES;
				CLANG_WARN_EMPTY_BODY = YES;
				CLANG_WARN_ENUM_CONVERSION = YES;
				CLANG_WARN_INFINITE_RECURSION = YES;
				CLANG_WARN_INT_CONVERSION = YES;
				CLANG_WARN_NON_LITERAL_NULL_CONVERSION = YES;
				CLANG_WARN_OBJC_IMPLICIT_RETAIN_SELF = YES;
				CLANG_WARN_OBJC_LITERAL_CONVERSION = YES;
				CLANG_WARN_OBJC_ROOT_CLASS = YES_ERROR;
				CLANG_WARN_QUOTED_INCLUDE_IN_FRAMEWORK_HEADER = YES;
				CLANG_WARN_RANGE_LOOP_ANALYSIS = YES;
				CLANG_WARN_STRICT_PROTOTYPES = YES;
				CLANG_WARN_SUSPICIOUS_MOVE = YES;
				CLANG_WARN_UNGUARDED_AVAILABILITY = YES_AGGRESSIVE;
				CLANG_WARN_UNREACHABLE_CODE = YES;
				CLANG_WARN__DUPLICATE_METHOD_MATCH = YES;
				COPY_PHASE_STRIP = NO;
				DEBUG_INFORMATION_FORMAT = dwarf;
				ENABLE_STRICT_OBJC_MSGSEND = YES;
				ENABLE_TESTABILITY = YES;
				ENABLE_USER_SCRIPT_SANDBOXING = YES;
				GCC_C_LANGUAGE_STANDARD = gnu17;
				GCC_DYNAMIC_NO_PIC = NO;
				GCC_NO_COMMON_BLOCKS = YES;
				GCC_OPTIMIZATION_LEVEL = 0;
				GCC_PREPROCESSOR_DEFINITIONS = (
					"DEBUG=1",
					"$(inherited)",
				);
				GCC_WARN_64_TO_32_BIT_CONVERSION = YES;
				GCC_WARN_ABOUT_RETURN_TYPE = YES_ERROR;
				GCC_WARN_UNDECLARED_SELECTOR = YES;
				GCC_WARN_UNINITIALIZED_AUTOS = YES_AGGRESSIVE;
				GCC_WARN_UNUSED_FUNCTION = YES;
				GCC_WARN_UNUSED_VARIABLE = YES;
				IPHONEOS_DEPLOYMENT_TARGET = 17.5;
				LOCALIZATION_PREFERS_STRING_CATALOGS = YES;
				MTL_ENABLE_DEBUG_INFO = INCLUDE_SOURCE;
				MTL_FAST_MATH = YES;
				ONLY_ACTIVE_ARCH = YES;
				SDKROOT = iphoneos;
				SWIFT_ACTIVE_COMPILATION_CONDITIONS = "DEBUG $(inherited)";
				SWIFT_OPTIMIZATION_LEVEL = "-Onone";
			};
			name = Debug;
		};
		3655527F2C681C21009BC2FF /* Release */ = {
			isa = XCBuildConfiguration;
			buildSettings = {
				ALWAYS_SEARCH_USER_PATHS = NO;
				ASSETCATALOG_COMPILER_GENERATE_SWIFT_ASSET_SYMBOL_EXTENSIONS = YES;
				CLANG_ANALYZER_NONNULL = YES;
				CLANG_ANALYZER_NUMBER_OBJECT_CONVERSION = YES_AGGRESSIVE;
				CLANG_CXX_LANGUAGE_STANDARD = "gnu++20";
				CLANG_ENABLE_MODULES = YES;
				CLANG_ENABLE_OBJC_ARC = YES;
				CLANG_ENABLE_OBJC_WEAK = YES;
				CLANG_WARN_BLOCK_CAPTURE_AUTORELEASING = YES;
				CLANG_WARN_BOOL_CONVERSION = YES;
				CLANG_WARN_COMMA = YES;
				CLANG_WARN_CONSTANT_CONVERSION = YES;
				CLANG_WARN_DEPRECATED_OBJC_IMPLEMENTATIONS = YES;
				CLANG_WARN_DIRECT_OBJC_ISA_USAGE = YES_ERROR;
				CLANG_WARN_DOCUMENTATION_COMMENTS = YES;
				CLANG_WARN_EMPTY_BODY = YES;
				CLANG_WARN_ENUM_CONVERSION = YES;
				CLANG_WARN_INFINITE_RECURSION = YES;
				CLANG_WARN_INT_CONVERSION = YES;
				CLANG_WARN_NON_LITERAL_NULL_CONVERSION = YES;
				CLANG_WARN_OBJC_IMPLICIT_RETAIN_SELF = YES;
				CLANG_WARN_OBJC_LITERAL_CONVERSION = YES;
				CLANG_WARN_OBJC_ROOT_CLASS = YES_ERROR;
				CLANG_WARN_QUOTED_INCLUDE_IN_FRAMEWORK_HEADER = YES;
				CLANG_WARN_RANGE_LOOP_ANALYSIS = YES;
				CLANG_WARN_STRICT_PROTOTYPES = YES;
				CLANG_WARN_SUSPICIOUS_MOVE = YES;
				CLANG_WARN_UNGUARDED_AVAILABILITY = YES_AGGRESSIVE;
				CLANG_WARN_UNREACHABLE_CODE = YES;
				CLANG_WARN__DUPLICATE_METHOD_MATCH = YES;
				COPY_PHASE_STRIP = NO;
				DEBUG_INFORMATION_FORMAT = "dwarf-with-dsym";
				ENABLE_NS_ASSERTIONS = NO;
				ENABLE_STRICT_OBJC_MSGSEND = YES;
				ENABLE_USER_SCRIPT_SANDBOXING = YES;
				GCC_C_LANGUAGE_STANDARD = gnu17;
				GCC_NO_COMMON_BLOCKS = YES;
				GCC_WARN_64_TO_32_BIT_CONVERSION = YES;
				GCC_WARN_ABOUT_RETURN_TYPE = YES_ERROR;
				GCC_WARN_UNDECLARED_SELECTOR = YES;
				GCC_WARN_UNINITIALIZED_AUTOS = YES_AGGRESSIVE;
				GCC_WARN_UNUSED_FUNCTION = YES;
				GCC_WARN_UNUSED_VARIABLE = YES;
				IPHONEOS_DEPLOYMENT_TARGET = 17.5;
				LOCALIZATION_PREFERS_STRING_CATALOGS = YES;
				MTL_ENABLE_DEBUG_INFO = NO;
				MTL_FAST_MATH = YES;
				SDKROOT = iphoneos;
				SWIFT_COMPILATION_MODE = wholemodule;
				VALIDATE_PRODUCT = YES;
			};
			name = Release;
		};
		365552812C681C21009BC2FF /* Debug */ = {
			isa = XCBuildConfiguration;
			buildSettings = {
				ASSETCATALOG_COMPILER_APPICON_NAME = AppIcon;
				ASSETCATALOG_COMPILER_GLOBAL_ACCENT_COLOR_NAME = AccentColor;
				CODE_SIGN_STYLE = Automatic;
				CURRENT_PROJECT_VERSION = 1;
				DEVELOPMENT_ASSET_PATHS = "\"HackerNews-SUI/Preview Content\"";
				DEVELOPMENT_TEAM = KY8YGQC228;
				ENABLE_PREVIEWS = YES;
				GENERATE_INFOPLIST_FILE = YES;
				INFOPLIST_KEY_UIApplicationSceneManifest_Generation = YES;
				INFOPLIST_KEY_UIApplicationSupportsIndirectInputEvents = YES;
				INFOPLIST_KEY_UILaunchScreen_Generation = YES;
				INFOPLIST_KEY_UISupportedInterfaceOrientations_iPad = "UIInterfaceOrientationPortrait UIInterfaceOrientationPortraitUpsideDown UIInterfaceOrientationLandscapeLeft UIInterfaceOrientationLandscapeRight";
				INFOPLIST_KEY_UISupportedInterfaceOrientations_iPhone = "UIInterfaceOrientationPortrait UIInterfaceOrientationLandscapeLeft UIInterfaceOrientationLandscapeRight";
				LD_RUNPATH_SEARCH_PATHS = (
					"$(inherited)",
					"@executable_path/Frameworks",
				);
				MARKETING_VERSION = 1.0;
				PRODUCT_BUNDLE_IDENTIFIER = "com.jurjdev.HackerNews-SUI";
				PRODUCT_NAME = "$(TARGET_NAME)";
				SWIFT_EMIT_LOC_STRINGS = YES;
				SWIFT_VERSION = 5.0;
				TARGETED_DEVICE_FAMILY = "1,2";
			};
			name = Debug;
		};
		365552822C681C21009BC2FF /* Release */ = {
			isa = XCBuildConfiguration;
			buildSettings = {
				ASSETCATALOG_COMPILER_APPICON_NAME = AppIcon;
				ASSETCATALOG_COMPILER_GLOBAL_ACCENT_COLOR_NAME = AccentColor;
				CODE_SIGN_STYLE = Automatic;
				CURRENT_PROJECT_VERSION = 1;
				DEVELOPMENT_ASSET_PATHS = "\"HackerNews-SUI/Preview Content\"";
				DEVELOPMENT_TEAM = KY8YGQC228;
				ENABLE_PREVIEWS = YES;
				GENERATE_INFOPLIST_FILE = YES;
				INFOPLIST_KEY_UIApplicationSceneManifest_Generation = YES;
				INFOPLIST_KEY_UIApplicationSupportsIndirectInputEvents = YES;
				INFOPLIST_KEY_UILaunchScreen_Generation = YES;
				INFOPLIST_KEY_UISupportedInterfaceOrientations_iPad = "UIInterfaceOrientationPortrait UIInterfaceOrientationPortraitUpsideDown UIInterfaceOrientationLandscapeLeft UIInterfaceOrientationLandscapeRight";
				INFOPLIST_KEY_UISupportedInterfaceOrientations_iPhone = "UIInterfaceOrientationPortrait UIInterfaceOrientationLandscapeLeft UIInterfaceOrientationLandscapeRight";
				LD_RUNPATH_SEARCH_PATHS = (
					"$(inherited)",
					"@executable_path/Frameworks",
				);
				MARKETING_VERSION = 1.0;
				PRODUCT_BUNDLE_IDENTIFIER = "com.jurjdev.HackerNews-SUI";
				PRODUCT_NAME = "$(TARGET_NAME)";
				SWIFT_EMIT_LOC_STRINGS = YES;
				SWIFT_VERSION = 5.0;
				TARGETED_DEVICE_FAMILY = "1,2";
			};
			name = Release;
		};
		365552842C681C21009BC2FF /* Debug */ = {
			isa = XCBuildConfiguration;
			buildSettings = {
				ALWAYS_EMBED_SWIFT_STANDARD_LIBRARIES = YES;
				BUNDLE_LOADER = "$(TEST_HOST)";
				CODE_SIGN_STYLE = Automatic;
				CURRENT_PROJECT_VERSION = 1;
				DEVELOPMENT_TEAM = KY8YGQC228;
				GENERATE_INFOPLIST_FILE = YES;
				IPHONEOS_DEPLOYMENT_TARGET = 17.5;
				MARKETING_VERSION = 1.0;
				PRODUCT_BUNDLE_IDENTIFIER = "com.jurjdev.HackerNews-SUITests";
				PRODUCT_NAME = "$(TARGET_NAME)";
				SWIFT_EMIT_LOC_STRINGS = NO;
				SWIFT_VERSION = 5.0;
				TARGETED_DEVICE_FAMILY = "1,2";
				TEST_HOST = "$(BUILT_PRODUCTS_DIR)/HackerNews-SUI.app/$(BUNDLE_EXECUTABLE_FOLDER_PATH)/HackerNews-SUI";
			};
			name = Debug;
		};
		365552852C681C21009BC2FF /* Release */ = {
			isa = XCBuildConfiguration;
			buildSettings = {
				ALWAYS_EMBED_SWIFT_STANDARD_LIBRARIES = YES;
				BUNDLE_LOADER = "$(TEST_HOST)";
				CODE_SIGN_STYLE = Automatic;
				CURRENT_PROJECT_VERSION = 1;
				DEVELOPMENT_TEAM = KY8YGQC228;
				GENERATE_INFOPLIST_FILE = YES;
				IPHONEOS_DEPLOYMENT_TARGET = 17.5;
				MARKETING_VERSION = 1.0;
				PRODUCT_BUNDLE_IDENTIFIER = "com.jurjdev.HackerNews-SUITests";
				PRODUCT_NAME = "$(TARGET_NAME)";
				SWIFT_EMIT_LOC_STRINGS = NO;
				SWIFT_VERSION = 5.0;
				TARGETED_DEVICE_FAMILY = "1,2";
				TEST_HOST = "$(BUILT_PRODUCTS_DIR)/HackerNews-SUI.app/$(BUNDLE_EXECUTABLE_FOLDER_PATH)/HackerNews-SUI";
			};
			name = Release;
		};
		365552872C681C21009BC2FF /* Debug */ = {
			isa = XCBuildConfiguration;
			buildSettings = {
				ALWAYS_EMBED_SWIFT_STANDARD_LIBRARIES = YES;
				CODE_SIGN_STYLE = Automatic;
				CURRENT_PROJECT_VERSION = 1;
				DEVELOPMENT_TEAM = KY8YGQC228;
				GENERATE_INFOPLIST_FILE = YES;
				MARKETING_VERSION = 1.0;
				PRODUCT_BUNDLE_IDENTIFIER = "com.jurjdev.HackerNews-SUIUITests";
				PRODUCT_NAME = "$(TARGET_NAME)";
				SWIFT_EMIT_LOC_STRINGS = NO;
				SWIFT_VERSION = 5.0;
				TARGETED_DEVICE_FAMILY = "1,2";
				TEST_TARGET_NAME = "HackerNews-SUI";
			};
			name = Debug;
		};
		365552882C681C21009BC2FF /* Release */ = {
			isa = XCBuildConfiguration;
			buildSettings = {
				ALWAYS_EMBED_SWIFT_STANDARD_LIBRARIES = YES;
				CODE_SIGN_STYLE = Automatic;
				CURRENT_PROJECT_VERSION = 1;
				DEVELOPMENT_TEAM = KY8YGQC228;
				GENERATE_INFOPLIST_FILE = YES;
				MARKETING_VERSION = 1.0;
				PRODUCT_BUNDLE_IDENTIFIER = "com.jurjdev.HackerNews-SUIUITests";
				PRODUCT_NAME = "$(TARGET_NAME)";
				SWIFT_EMIT_LOC_STRINGS = NO;
				SWIFT_VERSION = 5.0;
				TARGETED_DEVICE_FAMILY = "1,2";
				TEST_TARGET_NAME = "HackerNews-SUI";
			};
			name = Release;
		};
/* End XCBuildConfiguration section */

/* Begin XCConfigurationList section */
		365552572C681C1F009BC2FF /* Build configuration list for PBXProject "HackerNews-SUI" */ = {
			isa = XCConfigurationList;
			buildConfigurations = (
				3655527E2C681C21009BC2FF /* Debug */,
				3655527F2C681C21009BC2FF /* Release */,
			);
			defaultConfigurationIsVisible = 0;
			defaultConfigurationName = Release;
		};
		365552802C681C21009BC2FF /* Build configuration list for PBXNativeTarget "HackerNews-SUI" */ = {
			isa = XCConfigurationList;
			buildConfigurations = (
				365552812C681C21009BC2FF /* Debug */,
				365552822C681C21009BC2FF /* Release */,
			);
			defaultConfigurationIsVisible = 0;
			defaultConfigurationName = Release;
		};
		365552832C681C21009BC2FF /* Build configuration list for PBXNativeTarget "HackerNews-SUITests" */ = {
			isa = XCConfigurationList;
			buildConfigurations = (
				365552842C681C21009BC2FF /* Debug */,
				365552852C681C21009BC2FF /* Release */,
			);
			defaultConfigurationIsVisible = 0;
			defaultConfigurationName = Release;
		};
		365552862C681C21009BC2FF /* Build configuration list for PBXNativeTarget "HackerNews-SUIUITests" */ = {
			isa = XCConfigurationList;
			buildConfigurations = (
				365552872C681C21009BC2FF /* Debug */,
				365552882C681C21009BC2FF /* Release */,
			);
			defaultConfigurationIsVisible = 0;
			defaultConfigurationName = Release;
		};
/* End XCConfigurationList section */
	};
	rootObject = 365552542C681C1F009BC2FF /* Project object */;
}
